version = 1
revision = 2
requires-python = ">=3.13"

[options]
resolution-mode = "lowest-direct"

[manifest]
members = [
    "code",
    "repro",
]

[[package]]
name = "annotated-types"
version = "0.7.0"
source = { registry = "https://pypi.org/simple" }
sdist = { url = "https://files.pythonhosted.org/packages/ee/67/531ea369ba64dcff5ec9c3402f9f51bf748cec26dde048a2f973a4eea7f5/annotated_types-0.7.0.tar.gz", hash = "sha256:aff07c09a53a08bc8cfccb9c85b05f1aa9a2a6f23728d790723543408344ce89", size = 16081, upload-time = "2024-05-20T21:33:25.928Z" }
wheels = [
    { url = "https://files.pythonhosted.org/packages/78/b6/6307fbef88d9b5ee7421e68d78a9f162e0da4900bc5f5793f6d3d0e34fb8/annotated_types-0.7.0-py3-none-any.whl", hash = "sha256:1f02e8b43a8fbbc3f3e0d4f0f4bfc8131bcb4eebe8849b8e5c773f3a1c582a53", size = 13643, upload-time = "2024-05-20T21:33:24.1Z" },
]

[[package]]
name = "anyio"
version = "4.9.0"
source = { registry = "https://pypi.org/simple" }
dependencies = [
    { name = "idna" },
    { name = "sniffio" },
]
sdist = { url = "https://files.pythonhosted.org/packages/95/7d/4c1bd541d4dffa1b52bd83fb8527089e097a106fc90b467a7313b105f840/anyio-4.9.0.tar.gz", hash = "sha256:673c0c244e15788651a4ff38710fea9675823028a6f08a5eda409e0c9840a028", size = 190949, upload-time = "2025-03-17T00:02:54.77Z" }
wheels = [
    { url = "https://files.pythonhosted.org/packages/a1/ee/48ca1a7c89ffec8b6a0c5d02b89c305671d5ffd8d3c94acf8b8c408575bb/anyio-4.9.0-py3-none-any.whl", hash = "sha256:9f76d541cad6e36af7beb62e978876f3b41e3e04f2c1fbf0884604c0a9c4d93c", size = 100916, upload-time = "2025-03-17T00:02:52.713Z" },
]

[[package]]
name = "certifi"
version = "2025.6.15"
source = { registry = "https://pypi.org/simple" }
sdist = { url = "https://files.pythonhosted.org/packages/73/f7/f14b46d4bcd21092d7d3ccef689615220d8a08fb25e564b65d20738e672e/certifi-2025.6.15.tar.gz", hash = "sha256:d747aa5a8b9bbbb1bb8c22bb13e22bd1f18e9796defa16bab421f7f7a317323b", size = 158753, upload-time = "2025-06-15T02:45:51.329Z" }
wheels = [
    { url = "https://files.pythonhosted.org/packages/84/ae/320161bd181fc06471eed047ecce67b693fd7515b16d495d8932db763426/certifi-2025.6.15-py3-none-any.whl", hash = "sha256:2e0c7ce7cb5d8f8634ca55d2ba7e6ec2689a2fd6537d8dec1296a477a4910057", size = 157650, upload-time = "2025-06-15T02:45:49.977Z" },
]

[[package]]
name = "charset-normalizer"
version = "3.4.2"
source = { registry = "https://pypi.org/simple" }
sdist = { url = "https://files.pythonhosted.org/packages/e4/33/89c2ced2b67d1c2a61c19c6751aa8902d46ce3dacb23600a283619f5a12d/charset_normalizer-3.4.2.tar.gz", hash = "sha256:5baececa9ecba31eff645232d59845c07aa030f0c81ee70184a90d35099a0e63", size = 126367, upload-time = "2025-05-02T08:34:42.01Z" }
wheels = [
    { url = "https://files.pythonhosted.org/packages/ea/12/a93df3366ed32db1d907d7593a94f1fe6293903e3e92967bebd6950ed12c/charset_normalizer-3.4.2-cp313-cp313-macosx_10_13_universal2.whl", hash = "sha256:926ca93accd5d36ccdabd803392ddc3e03e6d4cd1cf17deff3b989ab8e9dbcf0", size = 199622, upload-time = "2025-05-02T08:32:56.363Z" },
    { url = "https://files.pythonhosted.org/packages/04/93/bf204e6f344c39d9937d3c13c8cd5bbfc266472e51fc8c07cb7f64fcd2de/charset_normalizer-3.4.2-cp313-cp313-manylinux_2_17_aarch64.manylinux2014_aarch64.whl", hash = "sha256:eba9904b0f38a143592d9fc0e19e2df0fa2e41c3c3745554761c5f6447eedabf", size = 143435, upload-time = "2025-05-02T08:32:58.551Z" },
    { url = "https://files.pythonhosted.org/packages/22/2a/ea8a2095b0bafa6c5b5a55ffdc2f924455233ee7b91c69b7edfcc9e02284/charset_normalizer-3.4.2-cp313-cp313-manylinux_2_17_ppc64le.manylinux2014_ppc64le.whl", hash = "sha256:3fddb7e2c84ac87ac3a947cb4e66d143ca5863ef48e4a5ecb83bd48619e4634e", size = 153653, upload-time = "2025-05-02T08:33:00.342Z" },
    { url = "https://files.pythonhosted.org/packages/b6/57/1b090ff183d13cef485dfbe272e2fe57622a76694061353c59da52c9a659/charset_normalizer-3.4.2-cp313-cp313-manylinux_2_17_s390x.manylinux2014_s390x.whl", hash = "sha256:98f862da73774290f251b9df8d11161b6cf25b599a66baf087c1ffe340e9bfd1", size = 146231, upload-time = "2025-05-02T08:33:02.081Z" },
    { url = "https://files.pythonhosted.org/packages/e2/28/ffc026b26f441fc67bd21ab7f03b313ab3fe46714a14b516f931abe1a2d8/charset_normalizer-3.4.2-cp313-cp313-manylinux_2_17_x86_64.manylinux2014_x86_64.whl", hash = "sha256:6c9379d65defcab82d07b2a9dfbfc2e95bc8fe0ebb1b176a3190230a3ef0e07c", size = 148243, upload-time = "2025-05-02T08:33:04.063Z" },
    { url = "https://files.pythonhosted.org/packages/c0/0f/9abe9bd191629c33e69e47c6ef45ef99773320e9ad8e9cb08b8ab4a8d4cb/charset_normalizer-3.4.2-cp313-cp313-manylinux_2_5_i686.manylinux1_i686.manylinux_2_17_i686.manylinux2014_i686.whl", hash = "sha256:e635b87f01ebc977342e2697d05b56632f5f879a4f15955dfe8cef2448b51691", size = 150442, upload-time = "2025-05-02T08:33:06.418Z" },
    { url = "https://files.pythonhosted.org/packages/67/7c/a123bbcedca91d5916c056407f89a7f5e8fdfce12ba825d7d6b9954a1a3c/charset_normalizer-3.4.2-cp313-cp313-musllinux_1_2_aarch64.whl", hash = "sha256:1c95a1e2902a8b722868587c0e1184ad5c55631de5afc0eb96bc4b0d738092c0", size = 145147, upload-time = "2025-05-02T08:33:08.183Z" },
    { url = "https://files.pythonhosted.org/packages/ec/fe/1ac556fa4899d967b83e9893788e86b6af4d83e4726511eaaad035e36595/charset_normalizer-3.4.2-cp313-cp313-musllinux_1_2_i686.whl", hash = "sha256:ef8de666d6179b009dce7bcb2ad4c4a779f113f12caf8dc77f0162c29d20490b", size = 153057, upload-time = "2025-05-02T08:33:09.986Z" },
    { url = "https://files.pythonhosted.org/packages/2b/ff/acfc0b0a70b19e3e54febdd5301a98b72fa07635e56f24f60502e954c461/charset_normalizer-3.4.2-cp313-cp313-musllinux_1_2_ppc64le.whl", hash = "sha256:32fc0341d72e0f73f80acb0a2c94216bd704f4f0bce10aedea38f30502b271ff", size = 156454, upload-time = "2025-05-02T08:33:11.814Z" },
    { url = "https://files.pythonhosted.org/packages/92/08/95b458ce9c740d0645feb0e96cea1f5ec946ea9c580a94adfe0b617f3573/charset_normalizer-3.4.2-cp313-cp313-musllinux_1_2_s390x.whl", hash = "sha256:289200a18fa698949d2b39c671c2cc7a24d44096784e76614899a7ccf2574b7b", size = 154174, upload-time = "2025-05-02T08:33:13.707Z" },
    { url = "https://files.pythonhosted.org/packages/78/be/8392efc43487ac051eee6c36d5fbd63032d78f7728cb37aebcc98191f1ff/charset_normalizer-3.4.2-cp313-cp313-musllinux_1_2_x86_64.whl", hash = "sha256:4a476b06fbcf359ad25d34a057b7219281286ae2477cc5ff5e3f70a246971148", size = 149166, upload-time = "2025-05-02T08:33:15.458Z" },
    { url = "https://files.pythonhosted.org/packages/44/96/392abd49b094d30b91d9fbda6a69519e95802250b777841cf3bda8fe136c/charset_normalizer-3.4.2-cp313-cp313-win32.whl", hash = "sha256:aaeeb6a479c7667fbe1099af9617c83aaca22182d6cf8c53966491a0f1b7ffb7", size = 98064, upload-time = "2025-05-02T08:33:17.06Z" },
    { url = "https://files.pythonhosted.org/packages/e9/b0/0200da600134e001d91851ddc797809e2fe0ea72de90e09bec5a2fbdaccb/charset_normalizer-3.4.2-cp313-cp313-win_amd64.whl", hash = "sha256:aa6af9e7d59f9c12b33ae4e9450619cf2488e2bbe9b44030905877f0b2324980", size = 105641, upload-time = "2025-05-02T08:33:18.753Z" },
    { url = "https://files.pythonhosted.org/packages/20/94/c5790835a017658cbfabd07f3bfb549140c3ac458cfc196323996b10095a/charset_normalizer-3.4.2-py3-none-any.whl", hash = "sha256:7f56930ab0abd1c45cd15be65cc741c28b1c9a34876ce8c17a2fa107810c0af0", size = 52626, upload-time = "2025-05-02T08:34:40.053Z" },
]

[[package]]
name = "click"
version = "8.2.1"
source = { registry = "https://pypi.org/simple" }
dependencies = [
    { name = "colorama", marker = "sys_platform == 'win32'" },
]
sdist = { url = "https://files.pythonhosted.org/packages/60/6c/8ca2efa64cf75a977a0d7fac081354553ebe483345c734fb6b6515d96bbc/click-8.2.1.tar.gz", hash = "sha256:27c491cc05d968d271d5a1db13e3b5a184636d9d930f148c50b038f0d0646202", size = 286342, upload-time = "2025-05-20T23:19:49.832Z" }
wheels = [
    { url = "https://files.pythonhosted.org/packages/85/32/10bb5764d90a8eee674e9dc6f4db6a0ab47c8c4d0d83c27f7c39ac415a4d/click-8.2.1-py3-none-any.whl", hash = "sha256:61a3265b914e850b85317d0b3109c7f8cd35a670f963866005d6ef1d5175a12b", size = 102215, upload-time = "2025-05-20T23:19:47.796Z" },
]

[[package]]
name = "code"
version = "0.0.0"
source = { virtual = "." }
dependencies = [
    { name = "repro" },
]

[package.metadata]
requires-dist = [{ name = "repro", editable = "packages/repro" }]

[package.metadata.requires-dev]
dev = []

[[package]]
name = "colorama"
version = "0.4.6"
source = { registry = "https://pypi.org/simple" }
sdist = { url = "https://files.pythonhosted.org/packages/d8/53/6f443c9a4a8358a93a6792e2acffb9d9d5cb0a5cfd8802644b7b1c9a02e4/colorama-0.4.6.tar.gz", hash = "sha256:08695f5cb7ed6e0531a20572697297273c47b8cae5a63ffc6d6ed5c201be6e44", size = 27697, upload-time = "2022-10-25T02:36:22.414Z" }
wheels = [
    { url = "https://files.pythonhosted.org/packages/d1/d6/3965ed04c63042e047cb6a3e6ed1a63a35087b6a609aa3a15ed8ac56c221/colorama-0.4.6-py2.py3-none-any.whl", hash = "sha256:4f1d9991f5acc0ca119f9d443620b77f9d6b33703e51011c16baf57afb285fc6", size = 25335, upload-time = "2022-10-25T02:36:20.889Z" },
]

[[package]]
name = "fastapi"
version = "0.115.14"
source = { registry = "https://pypi.org/simple" }
dependencies = [
    { name = "pydantic" },
    { name = "starlette" },
    { name = "typing-extensions" },
]
sdist = { url = "https://files.pythonhosted.org/packages/ca/53/8c38a874844a8b0fa10dd8adf3836ac154082cf88d3f22b544e9ceea0a15/fastapi-0.115.14.tar.gz", hash = "sha256:b1de15cdc1c499a4da47914db35d0e4ef8f1ce62b624e94e0e5824421df99739", size = 296263, upload-time = "2025-06-26T15:29:08.21Z" }
wheels = [
    { url = "https://files.pythonhosted.org/packages/53/50/b1222562c6d270fea83e9c9075b8e8600b8479150a18e4516a6138b980d1/fastapi-0.115.14-py3-none-any.whl", hash = "sha256:6c0c8bf9420bd58f565e585036d971872472b4f7d3f6c73b698e10cffdefb3ca", size = 95514, upload-time = "2025-06-26T15:29:06.49Z" },
]

[[package]]
name = "grpcio"
version = "1.73.1"
source = { registry = "https://pypi.org/simple" }
sdist = { url = "https://files.pythonhosted.org/packages/79/e8/b43b851537da2e2f03fa8be1aef207e5cbfb1a2e014fbb6b40d24c177cd3/grpcio-1.73.1.tar.gz", hash = "sha256:7fce2cd1c0c1116cf3850564ebfc3264fba75d3c74a7414373f1238ea365ef87", size = 12730355, upload-time = "2025-06-26T01:53:24.622Z" }
wheels = [
    { url = "https://files.pythonhosted.org/packages/37/bf/4ca20d1acbefabcaba633ab17f4244cbbe8eca877df01517207bd6655914/grpcio-1.73.1-cp313-cp313-linux_armv7l.whl", hash = "sha256:b310824ab5092cf74750ebd8a8a8981c1810cb2b363210e70d06ef37ad80d4f9", size = 5335615, upload-time = "2025-06-26T01:52:42.896Z" },
    { url = "https://files.pythonhosted.org/packages/75/ed/45c345f284abec5d4f6d77cbca9c52c39b554397eb7de7d2fcf440bcd049/grpcio-1.73.1-cp313-cp313-macosx_11_0_universal2.whl", hash = "sha256:8f5a6df3fba31a3485096ac85b2e34b9666ffb0590df0cd044f58694e6a1f6b5", size = 10595497, upload-time = "2025-06-26T01:52:44.695Z" },
    { url = "https://files.pythonhosted.org/packages/a4/75/bff2c2728018f546d812b755455014bc718f8cdcbf5c84f1f6e5494443a8/grpcio-1.73.1-cp313-cp313-manylinux_2_17_aarch64.whl", hash = "sha256:052e28fe9c41357da42250a91926a3e2f74c046575c070b69659467ca5aa976b", size = 5765321, upload-time = "2025-06-26T01:52:46.871Z" },
    { url = "https://files.pythonhosted.org/packages/70/3b/14e43158d3b81a38251b1d231dfb45a9b492d872102a919fbf7ba4ac20cd/grpcio-1.73.1-cp313-cp313-manylinux_2_17_i686.manylinux2014_i686.whl", hash = "sha256:1c0bf15f629b1497436596b1cbddddfa3234273490229ca29561209778ebe182", size = 6415436, upload-time = "2025-06-26T01:52:49.134Z" },
    { url = "https://files.pythonhosted.org/packages/e5/3f/81d9650ca40b54338336fd360f36773be8cb6c07c036e751d8996eb96598/grpcio-1.73.1-cp313-cp313-manylinux_2_17_x86_64.manylinux2014_x86_64.whl", hash = "sha256:0ab860d5bfa788c5a021fba264802e2593688cd965d1374d31d2b1a34cacd854", size = 6007012, upload-time = "2025-06-26T01:52:51.076Z" },
    { url = "https://files.pythonhosted.org/packages/55/f4/59edf5af68d684d0f4f7ad9462a418ac517201c238551529098c9aa28cb0/grpcio-1.73.1-cp313-cp313-musllinux_1_1_aarch64.whl", hash = "sha256:ad1d958c31cc91ab050bd8a91355480b8e0683e21176522bacea225ce51163f2", size = 6105209, upload-time = "2025-06-26T01:52:52.773Z" },
    { url = "https://files.pythonhosted.org/packages/e4/a8/700d034d5d0786a5ba14bfa9ce974ed4c976936c2748c2bd87aa50f69b36/grpcio-1.73.1-cp313-cp313-musllinux_1_1_i686.whl", hash = "sha256:f43ffb3bd415c57224c7427bfb9e6c46a0b6e998754bfa0d00f408e1873dcbb5", size = 6753655, upload-time = "2025-06-26T01:52:55.064Z" },
    { url = "https://files.pythonhosted.org/packages/1f/29/efbd4ac837c23bc48e34bbaf32bd429f0dc9ad7f80721cdb4622144c118c/grpcio-1.73.1-cp313-cp313-musllinux_1_1_x86_64.whl", hash = "sha256:686231cdd03a8a8055f798b2b54b19428cdf18fa1549bee92249b43607c42668", size = 6287288, upload-time = "2025-06-26T01:52:57.33Z" },
    { url = "https://files.pythonhosted.org/packages/d8/61/c6045d2ce16624bbe18b5d169c1a5ce4d6c3a47bc9d0e5c4fa6a50ed1239/grpcio-1.73.1-cp313-cp313-win32.whl", hash = "sha256:89018866a096e2ce21e05eabed1567479713ebe57b1db7cbb0f1e3b896793ba4", size = 3668151, upload-time = "2025-06-26T01:52:59.405Z" },
    { url = "https://files.pythonhosted.org/packages/c2/d7/77ac689216daee10de318db5aa1b88d159432dc76a130948a56b3aa671a2/grpcio-1.73.1-cp313-cp313-win_amd64.whl", hash = "sha256:4a68f8c9966b94dff693670a5cf2b54888a48a5011c5d9ce2295a1a1465ee84f", size = 4335747, upload-time = "2025-06-26T01:53:01.233Z" },
]

[[package]]
name = "gunicorn"
version = "23.0.0"
source = { registry = "https://pypi.org/simple" }
dependencies = [
    { name = "packaging" },
]
sdist = { url = "https://files.pythonhosted.org/packages/34/72/9614c465dc206155d93eff0ca20d42e1e35afc533971379482de953521a4/gunicorn-23.0.0.tar.gz", hash = "sha256:f014447a0101dc57e294f6c18ca6b40227a4c90e9bdb586042628030cba004ec", size = 375031, upload-time = "2024-08-10T20:25:27.378Z" }
wheels = [
    { url = "https://files.pythonhosted.org/packages/cb/7d/6dac2a6e1eba33ee43f318edbed4ff29151a49b5d37f080aad1e6469bca4/gunicorn-23.0.0-py3-none-any.whl", hash = "sha256:ec400d38950de4dfd418cff8328b2c8faed0edb0d517d3394e457c317908ca4d", size = 85029, upload-time = "2024-08-10T20:25:24.996Z" },
]

[[package]]
name = "h11"
version = "0.16.0"
source = { registry = "https://pypi.org/simple" }
sdist = { url = "https://files.pythonhosted.org/packages/01/ee/02a2c011bdab74c6fb3c75474d40b3052059d95df7e73351460c8588d963/h11-0.16.0.tar.gz", hash = "sha256:4e35b956cf45792e4caa5885e69fba00bdbc6ffafbfa020300e549b208ee5ff1", size = 101250, upload-time = "2025-04-24T03:35:25.427Z" }
wheels = [
    { url = "https://files.pythonhosted.org/packages/04/4b/29cac41a4d98d144bf5f6d33995617b185d14b22401f75ca86f384e87ff1/h11-0.16.0-py3-none-any.whl", hash = "sha256:63cf8bbe7522de3bf65932fda1d9c2772064ffb3dae62d55932da54b31cb6c86", size = 37515, upload-time = "2025-04-24T03:35:24.344Z" },
]

[[package]]
name = "idna"
version = "3.10"
source = { registry = "https://pypi.org/simple" }
sdist = { url = "https://files.pythonhosted.org/packages/f1/70/7703c29685631f5a7590aa73f1f1d3fa9a380e654b86af429e0934a32f7d/idna-3.10.tar.gz", hash = "sha256:12f65c9b470abda6dc35cf8e63cc574b1c52b11df2c86030af0ac09b01b13ea9", size = 190490, upload-time = "2024-09-15T18:07:39.745Z" }
wheels = [
    { url = "https://files.pythonhosted.org/packages/76/c6/c88e154df9c4e1a2a66ccf0005a88dfb2650c1dffb6f5ce603dfbd452ce3/idna-3.10-py3-none-any.whl", hash = "sha256:946d195a0d259cbba61165e88e65941f16e9b36ea6ddb97f00452bae8b1287d3", size = 70442, upload-time = "2024-09-15T18:07:37.964Z" },
]

[[package]]
name = "ijson"
version = "3.4.0"
source = { registry = "https://pypi.org/simple" }
sdist = { url = "https://files.pythonhosted.org/packages/a3/4f/1cfeada63f5fce87536651268ddf5cca79b8b4bbb457aee4e45777964a0a/ijson-3.4.0.tar.gz", hash = "sha256:5f74dcbad9d592c428d3ca3957f7115a42689ee7ee941458860900236ae9bb13", size = 65782, upload-time = "2025-05-08T02:37:20.135Z" }
wheels = [
    { url = "https://files.pythonhosted.org/packages/77/b3/b1d2eb2745e5204ec7a25365a6deb7868576214feb5e109bce368fb692c9/ijson-3.4.0-cp313-cp313-macosx_10_13_universal2.whl", hash = "sha256:e8d96f88d75196a61c9d9443de2b72c2d4a7ba9456ff117b57ae3bba23a54256", size = 87216, upload-time = "2025-05-08T02:36:08.414Z" },
    { url = "https://files.pythonhosted.org/packages/b1/cd/cd6d340087617f8cc9bedbb21d974542fe2f160ed0126b8288d3499a469b/ijson-3.4.0-cp313-cp313-macosx_10_13_x86_64.whl", hash = "sha256:c45906ce2c1d3b62f15645476fc3a6ca279549127f01662a39ca5ed334a00cf9", size = 59170, upload-time = "2025-05-08T02:36:09.604Z" },
    { url = "https://files.pythonhosted.org/packages/3e/4d/32d3a9903b488d3306e3c8288f6ee4217d2eea82728261db03a1045eb5d1/ijson-3.4.0-cp313-cp313-macosx_11_0_arm64.whl", hash = "sha256:4ab4bc2119b35c4363ea49f29563612237cae9413d2fbe54b223be098b97bc9e", size = 59013, upload-time = "2025-05-08T02:36:10.696Z" },
    { url = "https://files.pythonhosted.org/packages/d5/c8/db15465ab4b0b477cee5964c8bfc94bf8c45af8e27a23e1ad78d1926e587/ijson-3.4.0-cp313-cp313-manylinux_2_17_aarch64.manylinux2014_aarch64.whl", hash = "sha256:97b0a9b5a15e61dfb1f14921ea4e0dba39f3a650df6d8f444ddbc2b19b479ff1", size = 146564, upload-time = "2025-05-08T02:36:11.916Z" },
    { url = "https://files.pythonhosted.org/packages/c4/d8/0755545bc122473a9a434ab90e0f378780e603d75495b1ca3872de757873/ijson-3.4.0-cp313-cp313-manylinux_2_17_i686.manylinux2014_i686.whl", hash = "sha256:e3047bb994dabedf11de11076ed1147a307924b6e5e2df6784fb2599c4ad8c60", size = 137917, upload-time = "2025-05-08T02:36:13.532Z" },
    { url = "https://files.pythonhosted.org/packages/d0/c6/aeb89c8939ebe3f534af26c8c88000c5e870dbb6ae33644c21a4531f87d2/ijson-3.4.0-cp313-cp313-manylinux_2_17_x86_64.manylinux2014_x86_64.whl", hash = "sha256:68c83161b052e9f5dc8191acbc862bb1e63f8a35344cb5cd0db1afd3afd487a6", size = 148897, upload-time = "2025-05-08T02:36:14.813Z" },
    { url = "https://files.pythonhosted.org/packages/be/0e/7ef6e9b372106f2682a4a32b3c65bf86bb471a1670e4dac242faee4a7d3f/ijson-3.4.0-cp313-cp313-musllinux_1_2_aarch64.whl", hash = "sha256:1eebd9b6c20eb1dffde0ae1f0fbb4aeacec2eb7b89adb5c7c0449fc9fd742760", size = 149711, upload-time = "2025-05-08T02:36:16.476Z" },
    { url = "https://files.pythonhosted.org/packages/d1/5d/9841c3ed75bcdabf19b3202de5f862a9c9c86ce5c7c9d95fa32347fdbf5f/ijson-3.4.0-cp313-cp313-musllinux_1_2_i686.whl", hash = "sha256:13fb6d5c35192c541421f3ee81239d91fc15a8d8f26c869250f941f4b346a86c", size = 141691, upload-time = "2025-05-08T02:36:18.044Z" },
    { url = "https://files.pythonhosted.org/packages/d5/d2/ce74e17218dba292e9be10a44ed0c75439f7958cdd263adb0b5b92d012d5/ijson-3.4.0-cp313-cp313-musllinux_1_2_x86_64.whl", hash = "sha256:28b7196ff7b37c4897c547a28fa4876919696739fc91c1f347651c9736877c69", size = 150738, upload-time = "2025-05-08T02:36:19.483Z" },
    { url = "https://files.pythonhosted.org/packages/4e/43/dcc480f94453b1075c9911d4755b823f3ace275761bb37b40139f22109ca/ijson-3.4.0-cp313-cp313-win32.whl", hash = "sha256:3c2691d2da42629522140f77b99587d6f5010440d58d36616f33bc7bdc830cc3", size = 51512, upload-time = "2025-05-08T02:36:20.99Z" },
    { url = "https://files.pythonhosted.org/packages/35/dd/d8c5f15efd85ba51e6e11451ebe23d779361a9ec0d192064c2a8c3cdfcb8/ijson-3.4.0-cp313-cp313-win_amd64.whl", hash = "sha256:c4554718c275a044c47eb3874f78f2c939f300215d9031e785a6711cc51b83fc", size = 54074, upload-time = "2025-05-08T02:36:22.075Z" },
    { url = "https://files.pythonhosted.org/packages/79/73/24ad8cd106203419c4d22bed627e02e281d66b83e91bc206a371893d0486/ijson-3.4.0-cp313-cp313t-macosx_10_13_universal2.whl", hash = "sha256:915a65e3f3c0eee2ea937bc62aaedb6c14cc1e8f0bb9f3f4fb5a9e2bbfa4b480", size = 91694, upload-time = "2025-05-08T02:36:23.289Z" },
    { url = "https://files.pythonhosted.org/packages/17/2d/f7f680984bcb7324a46a4c2df3bd73cf70faef0acfeb85a3f811abdfd590/ijson-3.4.0-cp313-cp313t-macosx_10_13_x86_64.whl", hash = "sha256:afbe9748707684b6c5adc295c4fdcf27765b300aec4d484e14a13dca4e5c0afa", size = 61390, upload-time = "2025-05-08T02:36:24.42Z" },
    { url = "https://files.pythonhosted.org/packages/09/a1/f3ca7bab86f95bdb82494739e71d271410dfefce4590785d511669127145/ijson-3.4.0-cp313-cp313t-macosx_11_0_arm64.whl", hash = "sha256:d823f8f321b4d8d5fa020d0a84f089fec5d52b7c0762430476d9f8bf95bbc1a9", size = 61140, upload-time = "2025-05-08T02:36:26.708Z" },
    { url = "https://files.pythonhosted.org/packages/51/79/dd340df3d4fc7771c95df29997956b92ed0570fe7b616d1792fea9ad93f2/ijson-3.4.0-cp313-cp313t-manylinux_2_17_aarch64.manylinux2014_aarch64.whl", hash = "sha256:b8a0a2c54f3becf76881188beefd98b484b1d3bd005769a740d5b433b089fa23", size = 214739, upload-time = "2025-05-08T02:36:27.973Z" },
    { url = "https://files.pythonhosted.org/packages/59/f0/85380b7f51d1f5fb7065d76a7b623e02feca920cc678d329b2eccc0011e0/ijson-3.4.0-cp313-cp313t-manylinux_2_17_i686.manylinux2014_i686.whl", hash = "sha256:ced19a83ab09afa16257a0b15bc1aa888dbc555cb754be09d375c7f8d41051f2", size = 198338, upload-time = "2025-05-08T02:36:29.496Z" },
    { url = "https://files.pythonhosted.org/packages/a5/cd/313264cf2ec42e0f01d198c49deb7b6fadeb793b3685e20e738eb6b3fa13/ijson-3.4.0-cp313-cp313t-manylinux_2_17_x86_64.manylinux2014_x86_64.whl", hash = "sha256:8100f9885eff1f38d35cef80ef759a1bbf5fc946349afa681bd7d0e681b7f1a0", size = 207515, upload-time = "2025-05-08T02:36:30.981Z" },
    { url = "https://files.pythonhosted.org/packages/12/94/bf14457aa87ea32641f2db577c9188ef4e4ae373478afef422b31fc7f309/ijson-3.4.0-cp313-cp313t-musllinux_1_2_aarch64.whl", hash = "sha256:d7bcc3f7f21b0f703031ecd15209b1284ea51b2a329d66074b5261de3916c1eb", size = 210081, upload-time = "2025-05-08T02:36:32.403Z" },
    { url = "https://files.pythonhosted.org/packages/7d/b4/eaee39e290e40e52d665db9bd1492cfdce86bd1e47948e0440db209c6023/ijson-3.4.0-cp313-cp313t-musllinux_1_2_i686.whl", hash = "sha256:2dcb190227b09dd171bdcbfe4720fddd574933c66314818dfb3960c8a6246a77", size = 199253, upload-time = "2025-05-08T02:36:33.861Z" },
    { url = "https://files.pythonhosted.org/packages/c5/9c/e09c7b9ac720a703ab115b221b819f149ed54c974edfff623c1e925e57da/ijson-3.4.0-cp313-cp313t-musllinux_1_2_x86_64.whl", hash = "sha256:eda4cfb1d49c6073a901735aaa62e39cb7ab47f3ad7bb184862562f776f1fa8a", size = 203816, upload-time = "2025-05-08T02:36:35.348Z" },
    { url = "https://files.pythonhosted.org/packages/7c/14/acd304f412e32d16a2c12182b9d78206bb0ae35354d35664f45db05c1b3b/ijson-3.4.0-cp313-cp313t-win32.whl", hash = "sha256:0772638efa1f3b72b51736833404f1cbd2f5beeb9c1a3d392e7d385b9160cba7", size = 53760, upload-time = "2025-05-08T02:36:36.608Z" },
    { url = "https://files.pythonhosted.org/packages/2f/24/93dd0a467191590a5ed1fc2b35842bca9d09900d001e00b0b497c0208ef6/ijson-3.4.0-cp313-cp313t-win_amd64.whl", hash = "sha256:3d8a0d67f36e4fb97c61a724456ef0791504b16ce6f74917a31c2e92309bbeb9", size = 56948, upload-time = "2025-05-08T02:36:37.849Z" },
]

[[package]]
name = "ip3country"
version = "0.3.0"
source = { registry = "https://pypi.org/simple" }
sdist = { url = "https://files.pythonhosted.org/packages/15/41/cbb639d71188cb2406cba5bdd94dd0214d45e8e3481fc998b4601312b004/ip3country-0.3.0.tar.gz", hash = "sha256:0999982eb5eae5c6177213ff7942dd35bc27438d627fc1689799a40c623fceda", size = 238175, upload-time = "2024-05-08T17:39:54.533Z" }
wheels = [
    { url = "https://files.pythonhosted.org/packages/b8/d9/bbcc73f82c32cfe60d1d8db346a1a73843c24318f54de65d36e27acafbe6/ip3country-0.3.0-py3-none-any.whl", hash = "sha256:311894ff713b18729b1aa3c267f0227187c69ef3a2cfc890d7f9200ac49f02c0", size = 237377, upload-time = "2024-05-08T17:39:52.079Z" },
]

[[package]]
name = "packaging"
version = "25.0"
source = { registry = "https://pypi.org/simple" }
sdist = { url = "https://files.pythonhosted.org/packages/a1/d4/1fc4078c65507b51b96ca8f8c3ba19e6a61c8253c72794544580a7b6c24d/packaging-25.0.tar.gz", hash = "sha256:d443872c98d677bf60f6a1f2f8c1cb748e8fe762d2bf9d3148b5599295b0fc4f", size = 165727, upload-time = "2025-04-19T11:48:59.673Z" }
wheels = [
    { url = "https://files.pythonhosted.org/packages/20/12/38679034af332785aac8774540895e234f4d07f7545804097de4b666afd8/packaging-25.0-py3-none-any.whl", hash = "sha256:29572ef2b1f17581046b3a2227d5c611fb25ec70ca1ba8554b24b0e69331a484", size = 66469, upload-time = "2025-04-19T11:48:57.875Z" },
]

[[package]]
name = "protobuf"
version = "6.31.1"
source = { registry = "https://pypi.org/simple" }
sdist = { url = "https://files.pythonhosted.org/packages/52/f3/b9655a711b32c19720253f6f06326faf90580834e2e83f840472d752bc8b/protobuf-6.31.1.tar.gz", hash = "sha256:d8cac4c982f0b957a4dc73a80e2ea24fab08e679c0de9deb835f4a12d69aca9a", size = 441797, upload-time = "2025-05-28T19:25:54.947Z" }
wheels = [
    { url = "https://files.pythonhosted.org/packages/f3/6f/6ab8e4bf962fd5570d3deaa2d5c38f0a363f57b4501047b5ebeb83ab1125/protobuf-6.31.1-cp310-abi3-win32.whl", hash = "sha256:7fa17d5a29c2e04b7d90e5e32388b8bfd0e7107cd8e616feef7ed3fa6bdab5c9", size = 423603, upload-time = "2025-05-28T19:25:41.198Z" },
    { url = "https://files.pythonhosted.org/packages/44/3a/b15c4347dd4bf3a1b0ee882f384623e2063bb5cf9fa9d57990a4f7df2fb6/protobuf-6.31.1-cp310-abi3-win_amd64.whl", hash = "sha256:426f59d2964864a1a366254fa703b8632dcec0790d8862d30034d8245e1cd447", size = 435283, upload-time = "2025-05-28T19:25:44.275Z" },
    { url = "https://files.pythonhosted.org/packages/6a/c9/b9689a2a250264a84e66c46d8862ba788ee7a641cdca39bccf64f59284b7/protobuf-6.31.1-cp39-abi3-macosx_10_9_universal2.whl", hash = "sha256:6f1227473dc43d44ed644425268eb7c2e488ae245d51c6866d19fe158e207402", size = 425604, upload-time = "2025-05-28T19:25:45.702Z" },
    { url = "https://files.pythonhosted.org/packages/76/a1/7a5a94032c83375e4fe7e7f56e3976ea6ac90c5e85fac8576409e25c39c3/protobuf-6.31.1-cp39-abi3-manylinux2014_aarch64.whl", hash = "sha256:a40fc12b84c154884d7d4c4ebd675d5b3b5283e155f324049ae396b95ddebc39", size = 322115, upload-time = "2025-05-28T19:25:47.128Z" },
    { url = "https://files.pythonhosted.org/packages/fa/b1/b59d405d64d31999244643d88c45c8241c58f17cc887e73bcb90602327f8/protobuf-6.31.1-cp39-abi3-manylinux2014_x86_64.whl", hash = "sha256:4ee898bf66f7a8b0bd21bce523814e6fbd8c6add948045ce958b73af7e8878c6", size = 321070, upload-time = "2025-05-28T19:25:50.036Z" },
    { url = "https://files.pythonhosted.org/packages/f7/af/ab3c51ab7507a7325e98ffe691d9495ee3d3aa5f589afad65ec920d39821/protobuf-6.31.1-py3-none-any.whl", hash = "sha256:720a6c7e6b77288b85063569baae8536671b39f15cc22037ec7045658d80489e", size = 168724, upload-time = "2025-05-28T19:25:53.926Z" },
]

[[package]]
name = "pydantic"
version = "2.11.7"
source = { registry = "https://pypi.org/simple" }
dependencies = [
    { name = "annotated-types" },
    { name = "pydantic-core" },
    { name = "typing-extensions" },
    { name = "typing-inspection" },
]
sdist = { url = "https://files.pythonhosted.org/packages/00/dd/4325abf92c39ba8623b5af936ddb36ffcfe0beae70405d456ab1fb2f5b8c/pydantic-2.11.7.tar.gz", hash = "sha256:d989c3c6cb79469287b1569f7447a17848c998458d49ebe294e975b9baf0f0db", size = 788350, upload-time = "2025-06-14T08:33:17.137Z" }
wheels = [
    { url = "https://files.pythonhosted.org/packages/6a/c0/ec2b1c8712ca690e5d61979dee872603e92b8a32f94cc1b72d53beab008a/pydantic-2.11.7-py3-none-any.whl", hash = "sha256:dde5df002701f6de26248661f6835bbe296a47bf73990135c7d07ce741b9623b", size = 444782, upload-time = "2025-06-14T08:33:14.905Z" },
]

[[package]]
name = "pydantic-core"
version = "2.33.2"
source = { registry = "https://pypi.org/simple" }
dependencies = [
    { name = "typing-extensions" },
]
sdist = { url = "https://files.pythonhosted.org/packages/ad/88/5f2260bdfae97aabf98f1778d43f69574390ad787afb646292a638c923d4/pydantic_core-2.33.2.tar.gz", hash = "sha256:7cb8bc3605c29176e1b105350d2e6474142d7c1bd1d9327c4a9bdb46bf827acc", size = 435195, upload-time = "2025-04-23T18:33:52.104Z" }
wheels = [
    { url = "https://files.pythonhosted.org/packages/46/8c/99040727b41f56616573a28771b1bfa08a3d3fe74d3d513f01251f79f172/pydantic_core-2.33.2-cp313-cp313-macosx_10_12_x86_64.whl", hash = "sha256:1082dd3e2d7109ad8b7da48e1d4710c8d06c253cbc4a27c1cff4fbcaa97a9e3f", size = 2015688, upload-time = "2025-04-23T18:31:53.175Z" },
    { url = "https://files.pythonhosted.org/packages/3a/cc/5999d1eb705a6cefc31f0b4a90e9f7fc400539b1a1030529700cc1b51838/pydantic_core-2.33.2-cp313-cp313-macosx_11_0_arm64.whl", hash = "sha256:f517ca031dfc037a9c07e748cefd8d96235088b83b4f4ba8939105d20fa1dcd6", size = 1844808, upload-time = "2025-04-23T18:31:54.79Z" },
    { url = "https://files.pythonhosted.org/packages/6f/5e/a0a7b8885c98889a18b6e376f344da1ef323d270b44edf8174d6bce4d622/pydantic_core-2.33.2-cp313-cp313-manylinux_2_17_aarch64.manylinux2014_aarch64.whl", hash = "sha256:0a9f2c9dd19656823cb8250b0724ee9c60a82f3cdf68a080979d13092a3b0fef", size = 1885580, upload-time = "2025-04-23T18:31:57.393Z" },
    { url = "https://files.pythonhosted.org/packages/3b/2a/953581f343c7d11a304581156618c3f592435523dd9d79865903272c256a/pydantic_core-2.33.2-cp313-cp313-manylinux_2_17_armv7l.manylinux2014_armv7l.whl", hash = "sha256:2b0a451c263b01acebe51895bfb0e1cc842a5c666efe06cdf13846c7418caa9a", size = 1973859, upload-time = "2025-04-23T18:31:59.065Z" },
    { url = "https://files.pythonhosted.org/packages/e6/55/f1a813904771c03a3f97f676c62cca0c0a4138654107c1b61f19c644868b/pydantic_core-2.33.2-cp313-cp313-manylinux_2_17_ppc64le.manylinux2014_ppc64le.whl", hash = "sha256:1ea40a64d23faa25e62a70ad163571c0b342b8bf66d5fa612ac0dec4f069d916", size = 2120810, upload-time = "2025-04-23T18:32:00.78Z" },
    { url = "https://files.pythonhosted.org/packages/aa/c3/053389835a996e18853ba107a63caae0b9deb4a276c6b472931ea9ae6e48/pydantic_core-2.33.2-cp313-cp313-manylinux_2_17_s390x.manylinux2014_s390x.whl", hash = "sha256:0fb2d542b4d66f9470e8065c5469ec676978d625a8b7a363f07d9a501a9cb36a", size = 2676498, upload-time = "2025-04-23T18:32:02.418Z" },
    { url = "https://files.pythonhosted.org/packages/eb/3c/f4abd740877a35abade05e437245b192f9d0ffb48bbbbd708df33d3cda37/pydantic_core-2.33.2-cp313-cp313-manylinux_2_17_x86_64.manylinux2014_x86_64.whl", hash = "sha256:9fdac5d6ffa1b5a83bca06ffe7583f5576555e6c8b3a91fbd25ea7780f825f7d", size = 2000611, upload-time = "2025-04-23T18:32:04.152Z" },
    { url = "https://files.pythonhosted.org/packages/59/a7/63ef2fed1837d1121a894d0ce88439fe3e3b3e48c7543b2a4479eb99c2bd/pydantic_core-2.33.2-cp313-cp313-manylinux_2_5_i686.manylinux1_i686.whl", hash = "sha256:04a1a413977ab517154eebb2d326da71638271477d6ad87a769102f7c2488c56", size = 2107924, upload-time = "2025-04-23T18:32:06.129Z" },
    { url = "https://files.pythonhosted.org/packages/04/8f/2551964ef045669801675f1cfc3b0d74147f4901c3ffa42be2ddb1f0efc4/pydantic_core-2.33.2-cp313-cp313-musllinux_1_1_aarch64.whl", hash = "sha256:c8e7af2f4e0194c22b5b37205bfb293d166a7344a5b0d0eaccebc376546d77d5", size = 2063196, upload-time = "2025-04-23T18:32:08.178Z" },
    { url = "https://files.pythonhosted.org/packages/26/bd/d9602777e77fc6dbb0c7db9ad356e9a985825547dce5ad1d30ee04903918/pydantic_core-2.33.2-cp313-cp313-musllinux_1_1_armv7l.whl", hash = "sha256:5c92edd15cd58b3c2d34873597a1e20f13094f59cf88068adb18947df5455b4e", size = 2236389, upload-time = "2025-04-23T18:32:10.242Z" },
    { url = "https://files.pythonhosted.org/packages/42/db/0e950daa7e2230423ab342ae918a794964b053bec24ba8af013fc7c94846/pydantic_core-2.33.2-cp313-cp313-musllinux_1_1_x86_64.whl", hash = "sha256:65132b7b4a1c0beded5e057324b7e16e10910c106d43675d9bd87d4f38dde162", size = 2239223, upload-time = "2025-04-23T18:32:12.382Z" },
    { url = "https://files.pythonhosted.org/packages/58/4d/4f937099c545a8a17eb52cb67fe0447fd9a373b348ccfa9a87f141eeb00f/pydantic_core-2.33.2-cp313-cp313-win32.whl", hash = "sha256:52fb90784e0a242bb96ec53f42196a17278855b0f31ac7c3cc6f5c1ec4811849", size = 1900473, upload-time = "2025-04-23T18:32:14.034Z" },
    { url = "https://files.pythonhosted.org/packages/a0/75/4a0a9bac998d78d889def5e4ef2b065acba8cae8c93696906c3a91f310ca/pydantic_core-2.33.2-cp313-cp313-win_amd64.whl", hash = "sha256:c083a3bdd5a93dfe480f1125926afcdbf2917ae714bdb80b36d34318b2bec5d9", size = 1955269, upload-time = "2025-04-23T18:32:15.783Z" },
    { url = "https://files.pythonhosted.org/packages/f9/86/1beda0576969592f1497b4ce8e7bc8cbdf614c352426271b1b10d5f0aa64/pydantic_core-2.33.2-cp313-cp313-win_arm64.whl", hash = "sha256:e80b087132752f6b3d714f041ccf74403799d3b23a72722ea2e6ba2e892555b9", size = 1893921, upload-time = "2025-04-23T18:32:18.473Z" },
    { url = "https://files.pythonhosted.org/packages/a4/7d/e09391c2eebeab681df2b74bfe6c43422fffede8dc74187b2b0bf6fd7571/pydantic_core-2.33.2-cp313-cp313t-macosx_11_0_arm64.whl", hash = "sha256:61c18fba8e5e9db3ab908620af374db0ac1baa69f0f32df4f61ae23f15e586ac", size = 1806162, upload-time = "2025-04-23T18:32:20.188Z" },
    { url = "https://files.pythonhosted.org/packages/f1/3d/847b6b1fed9f8ed3bb95a9ad04fbd0b212e832d4f0f50ff4d9ee5a9f15cf/pydantic_core-2.33.2-cp313-cp313t-manylinux_2_17_x86_64.manylinux2014_x86_64.whl", hash = "sha256:95237e53bb015f67b63c91af7518a62a8660376a6a0db19b89acc77a4d6199f5", size = 1981560, upload-time = "2025-04-23T18:32:22.354Z" },
    { url = "https://files.pythonhosted.org/packages/6f/9a/e73262f6c6656262b5fdd723ad90f518f579b7bc8622e43a942eec53c938/pydantic_core-2.33.2-cp313-cp313t-win_amd64.whl", hash = "sha256:c2fc0a768ef76c15ab9238afa6da7f69895bb5d1ee83aeea2e3509af4472d0b9", size = 1935777, upload-time = "2025-04-23T18:32:25.088Z" },
]

[[package]]
name = "repro"
version = "0.0.0"
source = { editable = "packages/repro" }
dependencies = [
    { name = "fastapi" },
    { name = "gunicorn" },
    { name = "requests" },
    { name = "statsig" },
    { name = "statsig-python-core" },
    { name = "uvicorn" },
]

[package.metadata]
requires-dist = [
    { name = "fastapi", specifier = "==0.115.14" },
    { name = "gunicorn", specifier = "==23.0.0" },
    { name = "requests", specifier = "==2.32.4" },
    { name = "statsig", specifier = "==0.58.3" },
    { name = "statsig-python-core", specifier = "==0.5.2" },
    { name = "uvicorn", specifier = "==0.35.0" },
]

[package.metadata.requires-dev]
dev = []

[[package]]
name = "requests"
version = "2.32.4"
source = { registry = "https://pypi.org/simple" }
dependencies = [
    { name = "certifi" },
    { name = "charset-normalizer" },
    { name = "idna" },
    { name = "urllib3" },
]
sdist = { url = "https://files.pythonhosted.org/packages/e1/0a/929373653770d8a0d7ea76c37de6e41f11eb07559b103b1c02cafb3f7cf8/requests-2.32.4.tar.gz", hash = "sha256:27d0316682c8a29834d3264820024b62a36942083d52caf2f14c0591336d3422", size = 135258, upload-time = "2025-06-09T16:43:07.34Z" }
wheels = [
    { url = "https://files.pythonhosted.org/packages/7c/e4/56027c4a6b4ae70ca9de302488c5ca95ad4a39e190093d6c1a8ace08341b/requests-2.32.4-py3-none-any.whl", hash = "sha256:27babd3cda2a6d50b30443204ee89830707d396671944c998b5975b031ac2b2c", size = 64847, upload-time = "2025-06-09T16:43:05.728Z" },
]

[[package]]
name = "sniffio"
version = "1.3.1"
source = { registry = "https://pypi.org/simple" }
sdist = { url = "https://files.pythonhosted.org/packages/a2/87/a6771e1546d97e7e041b6ae58d80074f81b7d5121207425c964ddf5cfdbd/sniffio-1.3.1.tar.gz", hash = "sha256:f4324edc670a0f49750a81b895f35c3adb843cca46f0530f79fc1babb23789dc", size = 20372, upload-time = "2024-02-25T23:20:04.057Z" }
wheels = [
    { url = "https://files.pythonhosted.org/packages/e9/44/75a9c9421471a6c4805dbf2356f7c181a29c1879239abab1ea2cc8f38b40/sniffio-1.3.1-py3-none-any.whl", hash = "sha256:2f6da418d1f1e0fddd844478f41680e794e6051915791a034ff65e5f100525a2", size = 10235, upload-time = "2024-02-25T23:20:01.196Z" },
]

[[package]]
name = "starlette"
version = "0.46.2"
source = { registry = "https://pypi.org/simple" }
dependencies = [
    { name = "anyio" },
]
sdist = { url = "https://files.pythonhosted.org/packages/ce/20/08dfcd9c983f6a6f4a1000d934b9e6d626cff8d2eeb77a89a68eef20a2b7/starlette-0.46.2.tar.gz", hash = "sha256:7f7361f34eed179294600af672f565727419830b54b7b084efe44bb82d2fccd5", size = 2580846, upload-time = "2025-04-13T13:56:17.942Z" }
wheels = [
    { url = "https://files.pythonhosted.org/packages/8b/0c/9d30a4ebeb6db2b25a841afbb80f6ef9a854fc3b41be131d249a977b4959/starlette-0.46.2-py3-none-any.whl", hash = "sha256:595633ce89f8ffa71a015caed34a5b2dc1c0cdb3f0f1fbd1e69339cf2abeec35", size = 72037, upload-time = "2025-04-13T13:56:16.21Z" },
]

[[package]]
name = "statsig"
version = "0.58.3"
source = { registry = "https://pypi.org/simple" }
dependencies = [
    { name = "grpcio" },
    { name = "ijson" },
    { name = "ip3country" },
    { name = "protobuf" },
    { name = "requests" },
    { name = "typing-extensions" },
    { name = "ua-parser" },
]
sdist = { url = "https://files.pythonhosted.org/packages/f3/71/d8c853f4e959dc09aff4b8cbaecce2dc970c91eca73d8441d811ef859331/statsig-0.58.3.tar.gz", hash = "sha256:21205d089d98fd4d63bfaceefbc0e29857d0c9d1b6b3895356eb37ac82ea676b", size = 54706, upload-time = "2025-06-17T23:03:30.158Z" }
wheels = [
    { url = "https://files.pythonhosted.org/packages/30/3c/ac29b23d2f86cc999627decd338681fd1ad05b706589e8646d4d705504c9/statsig-0.58.3-py3-none-any.whl", hash = "sha256:ea4b3322e603e8b9bd122853333baa75a502bed293ac8f663b043a8f7dc4ac70", size = 69076, upload-time = "2025-06-17T23:03:28.756Z" },
]

[[package]]
name = "statsig-python-core"
version = "0.5.2"
source = { registry = "https://pypi.org/simple" }
dependencies = [
    { name = "requests" },
    { name = "typing-extensions" },
]
sdist = { url = "https://files.pythonhosted.org/packages/74/23/2d376243c81701a6eefa07e0f6d50583d9fd8b8897182f2722312b973b4e/statsig_python_core-0.5.2.tar.gz", hash = "sha256:b2718d779b0ffa7c7db3325231f9b587de45b7b9b133248829dbbe3af47fba5f", size = 589297, upload-time = "2025-06-16T18:24:24.609Z" }
wheels = [
    { url = "https://files.pythonhosted.org/packages/6e/f1/dde2e101584f0bc21424316f42d2523941add8306d758adcb9d32c9e36be/statsig_python_core-0.5.2-cp37-abi3-macosx_10_12_x86_64.whl", hash = "sha256:7a0018b293f1823a7472e05acdd7a0641b99c39c19332abde917ebd75e7d8234", size = 2561321, upload-time = "2025-06-16T18:24:09.139Z" },
    { url = "https://files.pythonhosted.org/packages/9c/98/9506bbbd8b2244933fb8d5d50c4a73b7745e954ee98b6fa8c657146b83f2/statsig_python_core-0.5.2-cp37-abi3-macosx_11_0_arm64.whl", hash = "sha256:752ac8296cc2361629c5cacf7d7b8ba2ad411bff025e7f8aee543dcc41059468", size = 2454076, upload-time = "2025-06-16T18:24:10.474Z" },
    { url = "https://files.pythonhosted.org/packages/2a/87/27599ab65fe1fe02de936a5084986732119661fc1500785222415e2eafde/statsig_python_core-0.5.2-cp37-abi3-manylinux_2_17_aarch64.manylinux2014_aarch64.whl", hash = "sha256:6334f2e03061e8257ff4a4a341516c630abd89a88f0b04e6cf077d0f5463c3b6", size = 2630790, upload-time = "2025-06-16T18:24:15.711Z" },
    { url = "https://files.pythonhosted.org/packages/81/de/44faafd6acfb72aa6ff52aaef3fe2b41ce778d2aa3061171e487ab63a8b4/statsig_python_core-0.5.2-cp37-abi3-manylinux_2_17_x86_64.manylinux2014_x86_64.whl", hash = "sha256:83f1cf846576510310be059f0d0841cda8c91d86e148c1910dc6f6298a3a660e", size = 2745117, upload-time = "2025-06-16T18:24:14.316Z" },
    { url = "https://files.pythonhosted.org/packages/55/17/322d4713c1347462425aa7b076ca864d645102c449dd67d4730fb6477c73/statsig_python_core-0.5.2-cp37-abi3-manylinux_2_27_aarch64.whl", hash = "sha256:d99e310990808faf2e49b21674807bf2871f086be96c6ec9bc644f8d3d1b52fa", size = 2633992, upload-time = "2025-06-16T18:24:20.653Z" },
    { url = "https://files.pythonhosted.org/packages/b8/ec/6a3f3f6122670cb6396cd836141b2682019aec8b08fedc95ae714575cb4a/statsig_python_core-0.5.2-cp37-abi3-manylinux_2_27_x86_64.whl", hash = "sha256:cab522d74269f4292d57da8ed9a24bc10ab8e70baa1d35e6510e6402f05653ee", size = 2748871, upload-time = "2025-06-16T18:24:19.188Z" },
    { url = "https://files.pythonhosted.org/packages/21/80/df5fa78c66cd502d5139447197410ad4e070825bc4b70b17398d2ff6833d/statsig_python_core-0.5.2-cp37-abi3-manylinux_2_28_aarch64.whl", hash = "sha256:982f75796e04fc72f59b7ac9c6ccf18ab440b33356eb1f7b6994e4700f05c1bc", size = 2625453, upload-time = "2025-06-16T18:24:13.107Z" },
    { url = "https://files.pythonhosted.org/packages/a5/31/4d4e69ea75c08f17947048697f1018a5dddb6f2c23445e6d8dba68dedf12/statsig_python_core-0.5.2-cp37-abi3-manylinux_2_28_x86_64.whl", hash = "sha256:6c532317e1bc316dae5e8b3f70f15cbc648a6c44ef16a6ce64196f01e8eebd42", size = 2757747, upload-time = "2025-06-16T18:24:11.934Z" },
    { url = "https://files.pythonhosted.org/packages/0b/fa/ed689320be624dcac9e6fe8573ca2d2a16b0436670c9008f04b95e6e6d07/statsig_python_core-0.5.2-cp37-abi3-manylinux_2_34_aarch64.whl", hash = "sha256:e2741efc5bdf53d4a2cf46dc0b9168c3649abf61b28efe1a0a6fe03614a3f201", size = 2630310, upload-time = "2025-06-16T18:24:18.036Z" },
    { url = "https://files.pythonhosted.org/packages/a1/ff/6a04d67f0e3094991214e4dfb0b903daceb2d1e4a590226823fbaec23f52/statsig_python_core-0.5.2-cp37-abi3-manylinux_2_34_x86_64.whl", hash = "sha256:1e9457a8e795efe90e83240cf97f145f2194fe0dedc17e9a3968dd0eed5e4200", size = 2747016, upload-time = "2025-06-16T18:24:16.866Z" },
    { url = "https://files.pythonhosted.org/packages/89/06/e02a9a43627ccd15cc7c82b0205eb80f86588d437470f69d510542d59c80/statsig_python_core-0.5.2-cp37-abi3-musllinux_1_2_aarch64.whl", hash = "sha256:a746a1cd0412611c0c8a92b6d1ff5a636501d3972cb7c9f78c7b6a584c0df843", size = 2705214, upload-time = "2025-06-16T18:24:23.218Z" },
    { url = "https://files.pythonhosted.org/packages/5d/57/80adfa47ef8d39fd9ed444184afb641c2918500ef7c40f8f0cecbf8b66b7/statsig_python_core-0.5.2-cp37-abi3-musllinux_1_2_x86_64.whl", hash = "sha256:a102036e93677b9fff01008bdcf668736f8510fc20edbc86c16bc6345df504bb", size = 2843214, upload-time = "2025-06-16T18:24:22.114Z" },
    { url = "https://files.pythonhosted.org/packages/ac/88/6b7d4724cdf5f37109f509e640ada8ea0bf37735410544a009af8d796e26/statsig_python_core-0.5.2-cp37-abi3-win32.whl", hash = "sha256:42b1e95968a96cf2d137f0605305c907dc30d12b003a13362d1879aaac747699", size = 2283311, upload-time = "2025-06-16T18:24:07.837Z" },
    { url = "https://files.pythonhosted.org/packages/4b/68/6360c91fca7d6fda95d1c0c54de7d341b52483fafb34555e695fead32d77/statsig_python_core-0.5.2-cp37-abi3-win_amd64.whl", hash = "sha256:cd83abc868463de4e6a3f84c92003eea4b71d566511dd664ca8b00d458f38eaf", size = 2638627, upload-time = "2025-06-16T18:24:05.986Z" },
]

[[package]]
name = "typing-extensions"
version = "4.14.0"
source = { registry = "https://pypi.org/simple" }
sdist = { url = "https://files.pythonhosted.org/packages/d1/bc/51647cd02527e87d05cb083ccc402f93e441606ff1f01739a62c8ad09ba5/typing_extensions-4.14.0.tar.gz", hash = "sha256:8676b788e32f02ab42d9e7c61324048ae4c6d844a399eebace3d4979d75ceef4", size = 107423, upload-time = "2025-06-02T14:52:11.399Z" }
wheels = [
    { url = "https://files.pythonhosted.org/packages/69/e0/552843e0d356fbb5256d21449fa957fa4eff3bbc135a74a691ee70c7c5da/typing_extensions-4.14.0-py3-none-any.whl", hash = "sha256:a1514509136dd0b477638fc68d6a91497af5076466ad0fa6c338e44e359944af", size = 43839, upload-time = "2025-06-02T14:52:10.026Z" },
]

[[package]]
name = "typing-inspection"
version = "0.4.1"
source = { registry = "https://pypi.org/simple" }
dependencies = [
    { name = "typing-extensions" },
]
sdist = { url = "https://files.pythonhosted.org/packages/f8/b1/0c11f5058406b3af7609f121aaa6b609744687f1d158b3c3a5bf4cc94238/typing_inspection-0.4.1.tar.gz", hash = "sha256:6ae134cc0203c33377d43188d4064e9b357dba58cff3185f22924610e70a9d28", size = 75726, upload-time = "2025-05-21T18:55:23.885Z" }
wheels = [
    { url = "https://files.pythonhosted.org/packages/17/69/cd203477f944c353c31bade965f880aa1061fd6bf05ded0726ca845b6ff7/typing_inspection-0.4.1-py3-none-any.whl", hash = "sha256:389055682238f53b04f7badcb49b989835495a96700ced5dab2d8feae4b26f51", size = 14552, upload-time = "2025-05-21T18:55:22.152Z" },
]

[[package]]
name = "ua-parser"
version = "1.0.1"
source = { registry = "https://pypi.org/simple" }
dependencies = [
    { name = "ua-parser-builtins" },
]
sdist = { url = "https://files.pythonhosted.org/packages/70/0e/ed98be735bc89d5040e0c60f5620d0b8c04e9e7da99ed1459e8050e90a77/ua_parser-1.0.1.tar.gz", hash = "sha256:f9d92bf19d4329019cef91707aecc23c6d65143ad7e29a233f0580fb0d15547d", size = 728106, upload-time = "2025-02-01T14:13:32.508Z" }
wheels = [
    { url = "https://files.pythonhosted.org/packages/94/37/be6dfbfa45719aa82c008fb4772cfe5c46db765a2ca4b6f524a1fdfee4d7/ua_parser-1.0.1-py3-none-any.whl", hash = "sha256:b059f2cb0935addea7e551251cbbf42e9a8872f86134163bc1a4f79e0945ffea", size = 31410, upload-time = "2025-02-01T14:13:28.458Z" },
]

[[package]]
name = "ua-parser-builtins"
version = "0.18.0.post1"
source = { registry = "https://pypi.org/simple" }
wheels = [
    { url = "https://files.pythonhosted.org/packages/6f/d3/13adff37f15489c784cc7669c35a6c3bf94b87540229eedf52ef2a1d0175/ua_parser_builtins-0.18.0.post1-py3-none-any.whl", hash = "sha256:eb4f93504040c3a990a6b0742a2afd540d87d7f9f05fd66e94c101db1564674d", size = 86077, upload-time = "2024-12-05T18:44:36.732Z" },
]

[[package]]
name = "urllib3"
version = "2.5.0"
source = { registry = "https://pypi.org/simple" }
sdist = { url = "https://files.pythonhosted.org/packages/15/22/9ee70a2574a4f4599c47dd506532914ce044817c7752a79b6a51286319bc/urllib3-2.5.0.tar.gz", hash = "sha256:3fc47733c7e419d4bc3f6b3dc2b4f890bb743906a30d56ba4a5bfa4bbff92760", size = 393185, upload-time = "2025-06-18T14:07:41.644Z" }
wheels = [
    { url = "https://files.pythonhosted.org/packages/a7/c2/fe1e52489ae3122415c51f387e221dd0773709bad6c6cdaa599e8a2c5185/urllib3-2.5.0-py3-none-any.whl", hash = "sha256:e6b01673c0fa6a13e374b50871808eb3bf7046c4b125b216f6bf1cc604cff0dc", size = 129795, upload-time = "2025-06-18T14:07:40.39Z" },
]

[[package]]
name = "uvicorn"
version = "0.35.0"
source = { registry = "https://pypi.org/simple" }
dependencies = [
    { name = "click" },
    { name = "h11" },
]
sdist = { url = "https://files.pythonhosted.org/packages/5e/42/e0e305207bb88c6b8d3061399c6a961ffe5fbb7e2aa63c9234df7259e9cd/uvicorn-0.35.0.tar.gz", hash = "sha256:bc662f087f7cf2ce11a1d7fd70b90c9f98ef2e2831556dd078d131b96cc94a01", size = 78473, upload-time = "2025-06-28T16:15:46.058Z" }
wheels = [
    { url = "https://files.pythonhosted.org/packages/d2/e2/dc81b1bd1dcfe91735810265e9d26bc8ec5da45b4c0f6237e286819194c3/uvicorn-0.35.0-py3-none-any.whl", hash = "sha256:197535216b25ff9b785e29a0b79199f55222193d47f820816e7da751e9bc8d4a", size = 66406, upload-time = "2025-06-28T16:15:44.816Z" },
]
